
Microsoft Visual Studio Solution File, Format Version 12.00
# Visual Studio Version 16
VisualStudioVersion = 16.0.30804.86
MinimumVisualStudioVersion = 10.0.40219.1
Project("{FAE04EC0-301F-11D3-BF4B-00C04F79EFBC}") = "WpfApp8", "WpfApp8\WpfApp8.csproj", "{0D013983-BEEE-4204-99AA-14AB6C0B70E5}"
EndProject
Global
	GlobalSection(SolutionConfigurationPlatforms) = preSolution
		Debug|Any CPU = Debug|Any CPU
		Release|Any CPU = Release|Any CPU
	EndGlobalSection
	GlobalSection(ProjectConfigurationPlatforms) = postSolution
		{0D013983-BEEE-4204-99AA-14AB6C0B70E5}.Debug|Any CPU.ActiveCfg = Debug|Any CPU
		{0D013983-BEEE-4204-99AA-14AB6C0B70E5}.Debug|Any CPU.Build.0 = Debug|Any CPU
		{0D013983-BEEE-4204-99AA-14AB6C0B70E5}.Release|Any CPU.ActiveCfg = Release|Any CPU
		{0D013983-BEEE-4204-99AA-14AB6C0B70E5}.Release|Any CPU.Build.0 = Release|Any CPU
	EndGlobalSection
	GlobalSection(SolutionProperties) = preSolution
		HideSolutionNode = FALSE
	EndGlobalSection
	GlobalSection(ExtensibilityGlobals) = postSolution
		SolutionGuid = {FFE9493E-F089-4047-A887-0F8B3EBDC794}
	EndGlobalSection
EndGlobal
